
Microsoft Visual Studio Solution File, Format Version 12.00
# Visual Studio Version 16
VisualStudioVersion = 16.0.29403.142
MinimumVisualStudioVersion = 10.0.40219.1
Project("{FAE04EC0-301F-11D3-BF4B-00C04F79EFBC}") = "Homework", "Homework\Homework.csproj", "{53CBA10A-79ED-4E6F-B4EB-4CF4D73D5920}"
EndProject
Project("{FAE04EC0-301F-11D3-BF4B-00C04F79EFBC}") = "Generics", "Generics\Generics.csproj", "{712A0C39-0761-42D3-80D5-84E289B9E9F5}"
EndProject
Global
	GlobalSection(SolutionConfigurationPlatforms) = preSolution
		Debug|Any CPU = Debug|Any CPU
		Release|Any CPU = Release|Any CPU
	EndGlobalSection
	GlobalSection(ProjectConfigurationPlatforms) = postSolution
		{53CBA10A-79ED-4E6F-B4EB-4CF4D73D5920}.Debug|Any CPU.ActiveCfg = Debug|Any CPU
		{53CBA10A-79ED-4E6F-B4EB-4CF4D73D5920}.Debug|Any CPU.Build.0 = Debug|Any CPU
		{53CBA10A-79ED-4E6F-B4EB-4CF4D73D5920}.Release|Any CPU.ActiveCfg = Release|Any CPU
		{53CBA10A-79ED-4E6F-B4EB-4CF4D73D5920}.Release|Any CPU.Build.0 = Release|Any CPU
		{712A0C39-0761-42D3-80D5-84E289B9E9F5}.Debug|Any CPU.ActiveCfg = Debug|Any CPU
		{712A0C39-0761-42D3-80D5-84E289B9E9F5}.Debug|Any CPU.Build.0 = Debug|Any CPU
		{712A0C39-0761-42D3-80D5-84E289B9E9F5}.Release|Any CPU.ActiveCfg = Release|Any CPU
		{712A0C39-0761-42D3-80D5-84E289B9E9F5}.Release|Any CPU.Build.0 = Release|Any CPU
	EndGlobalSection
	GlobalSection(SolutionProperties) = preSolution
		HideSolutionNode = FALSE
	EndGlobalSection
	GlobalSection(ExtensibilityGlobals) = postSolution
		SolutionGuid = {96089D1E-92B4-46E5-9EB0-E3BB9DD9E642}
	EndGlobalSection
EndGlobal
